<?xml version="1.0" encoding="utf-8"?>
<Project ToolsVersion="4.0" xmlns="http://schemas.microsoft.com/developer/msbuild/2003">
  <ItemGroup>
    <Filter Include="Source Files">
      <UniqueIdentifier>{4FC737F1-C7A5-4376-A066-2A32D752A2FF}</UniqueIdentifier>
      <Extensions>cpp;c;cc;cxx;def;odl;idl;hpj;bat;asm;asmx</Extensions>
    </Filter>
    <Filter Include="Header Files">
      <UniqueIdentifier>{93995380-89BD-4b04-88EB-625FBE52EBFB}</UniqueIdentifier>
      <Extensions>h;hh;hpp;hxx;hm;inl;inc;xsd</Extensions>
    </Filter>
    <Filter Include="Resource Files">
      <UniqueIdentifier>{67DA6AB6-F800-4c08-8B7A-83BB121AAD01}</UniqueIdentifier>
      <Extensions>rc;ico;cur;bmp;dlg;rc2;rct;bin;rgs;gif;jpg;jpeg;jpe;resx;tiff;tif;png;wav;mfcribbon-ms</Extensions>
    </Filter>
    <Filter Include="Source Files\src">
      <UniqueIdentifier>{4ffd09ee-a100-475a-afad-e8783a07bcff}</UniqueIdentifier>
    </Filter>
    <Filter Include="Source Files\src\freetype">
      <UniqueIdentifier>{5f1f7afd-1075-4754-8150-60fa72997c1c}</UniqueIdentifier>
    </Filter>
  </ItemGroup>
  <ItemGroup>
    <ClCompile Include="..\..\src\asciitostring.c">
      <Filter>Source Files\src</Filter>
    </ClCompile>
    <ClCompile Include="..\..\src\babyxrcmain.c">
      <Filter>Source Files\src</Filter>
    </ClCompile>
    <ClCompile Include="..\..\src\bdf2c.c">
      <Filter>Source Files\src</Filter>
    </ClCompile>
    <ClCompile Include="..\..\src\bmp.c">
      <Filter>Source Files\src</Filter>
    </ClCompile>
    <ClCompile Include="..\..\src\gif.c">
      <Filter>Source Files\src</Filter>
    </ClCompile>
    <ClCompile Include="..\..\src\jpeg.c">
      <Filter>Source Files\src</Filter>
    </ClCompile>
    <ClCompile Include="..\..\src\loadcursor.c">
      <Filter>Source Files\src</Filter>
    </ClCompile>
    <ClCompile Include="..\..\src\loadimage.c">
      <Filter>Source Files\src</Filter>
    </ClCompile>
    <ClCompile Include="..\..\src\loadtiff.c">
      <Filter>Source Files\src</Filter>
    </ClCompile>
    <ClCompile Include="..\..\src\lodepng.c">
      <Filter>Source Files\src</Filter>
    </ClCompile>
    <ClCompile Include="..\..\src\rbtree.c">
      <Filter>Source Files\src</Filter>
    </ClCompile>
    <ClCompile Include="..\..\src\resize.c">
      <Filter>Source Files\src</Filter>
    </ClCompile>
    <ClCompile Include="..\..\src\savejpeg.c">
      <Filter>Source Files\src</Filter>
    </ClCompile>
    <ClCompile Include="..\..\src\ttf2c.c">
      <Filter>Source Files\src</Filter>
    </ClCompile>
    <ClCompile Include="..\..\src\xmlparser.c">
      <Filter>Source Files\src</Filter>
    </ClCompile>
    <ClCompile Include="..\..\src\freetype\ttapi.c">
      <Filter>Source Files\src\freetype</Filter>
    </ClCompile>
    <ClCompile Include="..\..\src\freetype\ttcache.c">
      <Filter>Source Files\src\freetype</Filter>
    </ClCompile>
    <ClCompile Include="..\..\src\freetype\ttcalc.c">
      <Filter>Source Files\src\freetype</Filter>
    </ClCompile>
    <ClCompile Include="..\..\src\freetype\ttcmap.c">
      <Filter>Source Files\src\freetype</Filter>
    </ClCompile>
    <ClCompile Include="..\..\src\freetype\ttdebug.c">
      <Filter>Source Files\src\freetype</Filter>
    </ClCompile>
    <ClCompile Include="..\..\src\freetype\ttextend.c">
      <Filter>Source Files\src\freetype</Filter>
    </ClCompile>
    <ClCompile Include="..\..\src\freetype\ttfile.c">
      <Filter>Source Files\src\freetype</Filter>
    </ClCompile>
    <ClCompile Include="..\..\src\freetype\ttgload.c">
      <Filter>Source Files\src\freetype</Filter>
    </ClCompile>
    <ClCompile Include="..\..\src\freetype\ttinterp.c">
      <Filter>Source Files\src\freetype</Filter>
    </ClCompile>
    <ClCompile Include="..\..\src\freetype\ttload.c">
      <Filter>Source Files\src\freetype</Filter>
    </ClCompile>
    <ClCompile Include="..\..\src\freetype\ttmemory.c">
      <Filter>Source Files\src\freetype</Filter>
    </ClCompile>
    <ClCompile Include="..\..\src\freetype\ttmutex.c">
      <Filter>Source Files\src\freetype</Filter>
    </ClCompile>
    <ClCompile Include="..\..\src\freetype\ttobjs.c">
      <Filter>Source Files\src\freetype</Filter>
    </ClCompile>
    <ClCompile Include="..\..\src\freetype\ttraster.c">
      <Filter>Source Files\src\freetype</Filter>
    </ClCompile>
  </ItemGroup>
  <ItemGroup>
    <ClInclude Include="..\..\src\asciitostring.h">
      <Filter>Source Files\src</Filter>
    </ClInclude>
    <ClInclude Include="..\..\src\bdf2c.h">
      <Filter>Source Files\src</Filter>
    </ClInclude>
    <ClInclude Include="..\..\src\bmp.h">
      <Filter>Source Files\src</Filter>
    </ClInclude>
    <ClInclude Include="..\..\src\gif.h">
      <Filter>Source Files\src</Filter>
    </ClInclude>
    <ClInclude Include="..\..\src\jpeg.h">
      <Filter>Source Files\src</Filter>
    </ClInclude>
    <ClInclude Include="..\..\src\loadcursor.h">
      <Filter>Source Files\src</Filter>
    </ClInclude>
    <ClInclude Include="..\..\src\loadimage.h">
      <Filter>Source Files\src</Filter>
    </ClInclude>
    <ClInclude Include="..\..\src\loadtiff.h">
      <Filter>Source Files\src</Filter>
    </ClInclude>
    <ClInclude Include="..\..\src\lodepng.h">
      <Filter>Source Files\src</Filter>
    </ClInclude>
    <ClInclude Include="..\..\src\nanosvg.h">
      <Filter>Source Files\src</Filter>
    </ClInclude>
    <ClInclude Include="..\..\src\nanosvgrast.h">
      <Filter>Source Files\src</Filter>
    </ClInclude>
    <ClInclude Include="..\..\src\rbtree.h">
      <Filter>Source Files\src</Filter>
    </ClInclude>
    <ClInclude Include="..\..\src\resize.h">
      <Filter>Source Files\src</Filter>
    </ClInclude>
    <ClInclude Include="..\..\src\ttf2c.h">
      <Filter>Source Files\src</Filter>
    </ClInclude>
    <ClInclude Include="..\..\src\xmlparser.h">
      <Filter>Source Files\src</Filter>
    </ClInclude>
    <ClInclude Include="..\..\src\freetype\freetype.h">
      <Filter>Source Files\src\freetype</Filter>
    </ClInclude>
    <ClInclude Include="..\..\src\freetype\ft_conf.h">
      <Filter>Source Files\src\freetype</Filter>
    </ClInclude>
    <ClInclude Include="..\..\src\freetype\fterrid.h">
      <Filter>Source Files\src\freetype</Filter>
    </ClInclude>
    <ClInclude Include="..\..\src\freetype\ftnameid.h">
      <Filter>Source Files\src\freetype</Filter>
    </ClInclude>
    <ClInclude Include="..\..\src\freetype\header.h">
      <Filter>Source Files\src\freetype</Filter>
    </ClInclude>
    <ClInclude Include="..\..\src\freetype\ttcache.h">
      <Filter>Source Files\src\freetype</Filter>
    </ClInclude>
    <ClInclude Include="..\..\src\freetype\ttcalc.h">
      <Filter>Source Files\src\freetype</Filter>
    </ClInclude>
    <ClInclude Include="..\..\src\freetype\ttcmap.h">
      <Filter>Source Files\src\freetype</Filter>
    </ClInclude>
    <ClInclude Include="..\..\src\freetype\ttconfig.h">
      <Filter>Source Files\src\freetype</Filter>
    </ClInclude>
    <ClInclude Include="..\..\src\freetype\ttdebug.h">
      <Filter>Source Files\src\freetype</Filter>
    </ClInclude>
    <ClInclude Include="..\..\src\freetype\ttengine.h">
      <Filter>Source Files\src\freetype</Filter>
    </ClInclude>
    <ClInclude Include="..\..\src\freetype\ttextend.h">
      <Filter>Source Files\src\freetype</Filter>
    </ClInclude>
    <ClInclude Include="..\..\src\freetype\ttfile.h">
      <Filter>Source Files\src\freetype</Filter>
    </ClInclude>
    <ClInclude Include="..\..\src\freetype\ttgload.h">
      <Filter>Source Files\src\freetype</Filter>
    </ClInclude>
    <ClInclude Include="..\..\src\freetype\ttinterp.h">
      <Filter>Source Files\src\freetype</Filter>
    </ClInclude>
    <ClInclude Include="..\..\src\freetype\ttload.h">
      <Filter>Source Files\src\freetype</Filter>
    </ClInclude>
    <ClInclude Include="..\..\src\freetype\ttmemory.h">
      <Filter>Source Files\src\freetype</Filter>
    </ClInclude>
    <ClInclude Include="..\..\src\freetype\ttmutex.h">
      <Filter>Source Files\src\freetype</Filter>
    </ClInclude>
    <ClInclude Include="..\..\src\freetype\ttobjs.h">
      <Filter>Source Files\src\freetype</Filter>
    </ClInclude>
    <ClInclude Include="..\..\src\freetype\ttraster.h">
      <Filter>Source Files\src\freetype</Filter>
    </ClInclude>
    <ClInclude Include="..\..\src\freetype\tttables.h">
      <Filter>Source Files\src\freetype</Filter>
    </ClInclude>
    <ClInclude Include="..\..\src\freetype\tttags.h">
      <Filter>Source Files\src\freetype</Filter>
    </ClInclude>
    <ClInclude Include="..\..\src\freetype\tttypes.h">
      <Filter>Source Files\src\freetype</Filter>
    </ClInclude>
  </ItemGroup>
</Project>